
Microsoft Visual Studio Solution File, Format Version 12.00
# Visual Studio Version 17
VisualStudioVersion = 17.0.31903.59
MinimumVisualStudioVersion = 10.0.40219.1
Project("{2150E333-8FDC-42A3-9474-1A3956D46DE8}") = "Developers", "Developers", "{2615381B-60DA-CD50-FD53-434E730EA4F4}"
EndProject
Project("{FAE04EC0-301F-11D3-BF4B-00C04F79EFBC}") = "Editor", "Developers\Editor\Editor.csproj", "{70A42AC9-4125-4102-AF82-C6F661020782}"
EndProject
Project("{2150E333-8FDC-42A3-9474-1A3956D46DE8}") = "Engine", "Engine", "{D585295F-7994-3649-1065-7AA403C41681}"
EndProject
Project("{FAE04EC0-301F-11D3-BF4B-00C04F79EFBC}") = "Core", "Engine\Core\Core.csproj", "{43C9F1B6-8827-4F6A-9B5C-F461F5D17790}"
EndProject
Project("{FAE04EC0-301F-11D3-BF4B-00C04F79EFBC}") = "Robust.Shared.Maths", "Engine\Robust.Shared.Maths\Robust.Shared.Maths.csproj", "{3AD33FAB-1DD1-4FAD-A2AA-649D7D0A1EE2}"
EndProject
Project("{FAE04EC0-301F-11D3-BF4B-00C04F79EFBC}") = "Shared", "Engine\Shared\Shared.csproj", "{D3B80A7F-89D4-4548-9786-9C534F28D72A}"
EndProject
Project("{FAE04EC0-301F-11D3-BF4B-00C04F79EFBC}") = "Compiler", "Developers\Compiler\Compiler.csproj", "{97139355-5714-4089-AA18-FE4F6EB7199C}"
EndProject
Project("{2150E333-8FDC-42A3-9474-1A3956D46DE8}") = "Launchers", "Launchers", "{66D79CFD-2C43-9419-3C24-01FEB7263155}"
EndProject
Project("{2150E333-8FDC-42A3-9474-1A3956D46DE8}") = "Launcher.Player", "Launcher.Player", "{79CD4068-2784-AA0D-C250-24BF27337583}"
EndProject
Project("{FAE04EC0-301F-11D3-BF4B-00C04F79EFBC}") = "Launcher", "Launchers\Launcher.Player\Launcher.csproj", "{8B0C69DD-0E36-43C6-8360-44F8C3EC53A1}"
EndProject
Project("{FAE04EC0-301F-11D3-BF4B-00C04F79EFBC}") = "Launcher.Developer", "Launchers\Launcher.Developer\Launcher.Developer.csproj", "{0722E466-62DF-4EF2-B93F-AF40F3133BD0}"
EndProject
Global
	GlobalSection(SolutionConfigurationPlatforms) = preSolution
		Debug|Any CPU = Debug|Any CPU
		Debug|x64 = Debug|x64
		Debug|x86 = Debug|x86
		Release|Any CPU = Release|Any CPU
		Release|x64 = Release|x64
		Release|x86 = Release|x86
	EndGlobalSection
	GlobalSection(ProjectConfigurationPlatforms) = postSolution
		{70A42AC9-4125-4102-AF82-C6F661020782}.Debug|Any CPU.ActiveCfg = Debug|Any CPU
		{70A42AC9-4125-4102-AF82-C6F661020782}.Debug|Any CPU.Build.0 = Debug|Any CPU
		{70A42AC9-4125-4102-AF82-C6F661020782}.Debug|x64.ActiveCfg = Debug|Any CPU
		{70A42AC9-4125-4102-AF82-C6F661020782}.Debug|x64.Build.0 = Debug|Any CPU
		{70A42AC9-4125-4102-AF82-C6F661020782}.Debug|x86.ActiveCfg = Debug|Any CPU
		{70A42AC9-4125-4102-AF82-C6F661020782}.Debug|x86.Build.0 = Debug|Any CPU
		{70A42AC9-4125-4102-AF82-C6F661020782}.Release|Any CPU.ActiveCfg = Release|Any CPU
		{70A42AC9-4125-4102-AF82-C6F661020782}.Release|Any CPU.Build.0 = Release|Any CPU
		{70A42AC9-4125-4102-AF82-C6F661020782}.Release|x64.ActiveCfg = Release|Any CPU
		{70A42AC9-4125-4102-AF82-C6F661020782}.Release|x64.Build.0 = Release|Any CPU
		{70A42AC9-4125-4102-AF82-C6F661020782}.Release|x86.ActiveCfg = Release|Any CPU
		{70A42AC9-4125-4102-AF82-C6F661020782}.Release|x86.Build.0 = Release|Any CPU
		{43C9F1B6-8827-4F6A-9B5C-F461F5D17790}.Debug|Any CPU.ActiveCfg = Debug|Any CPU
		{43C9F1B6-8827-4F6A-9B5C-F461F5D17790}.Debug|Any CPU.Build.0 = Debug|Any CPU
		{43C9F1B6-8827-4F6A-9B5C-F461F5D17790}.Debug|x64.ActiveCfg = Debug|Any CPU
		{43C9F1B6-8827-4F6A-9B5C-F461F5D17790}.Debug|x64.Build.0 = Debug|Any CPU
		{43C9F1B6-8827-4F6A-9B5C-F461F5D17790}.Debug|x86.ActiveCfg = Debug|Any CPU
		{43C9F1B6-8827-4F6A-9B5C-F461F5D17790}.Debug|x86.Build.0 = Debug|Any CPU
		{43C9F1B6-8827-4F6A-9B5C-F461F5D17790}.Release|Any CPU.ActiveCfg = Release|Any CPU
		{43C9F1B6-8827-4F6A-9B5C-F461F5D17790}.Release|Any CPU.Build.0 = Release|Any CPU
		{43C9F1B6-8827-4F6A-9B5C-F461F5D17790}.Release|x64.ActiveCfg = Release|Any CPU
		{43C9F1B6-8827-4F6A-9B5C-F461F5D17790}.Release|x64.Build.0 = Release|Any CPU
		{43C9F1B6-8827-4F6A-9B5C-F461F5D17790}.Release|x86.ActiveCfg = Release|Any CPU
		{43C9F1B6-8827-4F6A-9B5C-F461F5D17790}.Release|x86.Build.0 = Release|Any CPU
		{3AD33FAB-1DD1-4FAD-A2AA-649D7D0A1EE2}.Debug|Any CPU.ActiveCfg = Debug|Any CPU
		{3AD33FAB-1DD1-4FAD-A2AA-649D7D0A1EE2}.Debug|Any CPU.Build.0 = Debug|Any CPU
		{3AD33FAB-1DD1-4FAD-A2AA-649D7D0A1EE2}.Debug|x64.ActiveCfg = Debug|Any CPU
		{3AD33FAB-1DD1-4FAD-A2AA-649D7D0A1EE2}.Debug|x64.Build.0 = Debug|Any CPU
		{3AD33FAB-1DD1-4FAD-A2AA-649D7D0A1EE2}.Debug|x86.ActiveCfg = Debug|Any CPU
		{3AD33FAB-1DD1-4FAD-A2AA-649D7D0A1EE2}.Debug|x86.Build.0 = Debug|Any CPU
		{3AD33FAB-1DD1-4FAD-A2AA-649D7D0A1EE2}.Release|Any CPU.ActiveCfg = Release|Any CPU
		{3AD33FAB-1DD1-4FAD-A2AA-649D7D0A1EE2}.Release|Any CPU.Build.0 = Release|Any CPU
		{3AD33FAB-1DD1-4FAD-A2AA-649D7D0A1EE2}.Release|x64.ActiveCfg = Release|Any CPU
		{3AD33FAB-1DD1-4FAD-A2AA-649D7D0A1EE2}.Release|x64.Build.0 = Release|Any CPU
		{3AD33FAB-1DD1-4FAD-A2AA-649D7D0A1EE2}.Release|x86.ActiveCfg = Release|Any CPU
		{3AD33FAB-1DD1-4FAD-A2AA-649D7D0A1EE2}.Release|x86.Build.0 = Release|Any CPU
		{D3B80A7F-89D4-4548-9786-9C534F28D72A}.Debug|Any CPU.ActiveCfg = Debug|Any CPU
		{D3B80A7F-89D4-4548-9786-9C534F28D72A}.Debug|Any CPU.Build.0 = Debug|Any CPU
		{D3B80A7F-89D4-4548-9786-9C534F28D72A}.Debug|x64.ActiveCfg = Debug|Any CPU
		{D3B80A7F-89D4-4548-9786-9C534F28D72A}.Debug|x64.Build.0 = Debug|Any CPU
		{D3B80A7F-89D4-4548-9786-9C534F28D72A}.Debug|x86.ActiveCfg = Debug|Any CPU
		{D3B80A7F-89D4-4548-9786-9C534F28D72A}.Debug|x86.Build.0 = Debug|Any CPU
		{D3B80A7F-89D4-4548-9786-9C534F28D72A}.Release|Any CPU.ActiveCfg = Release|Any CPU
		{D3B80A7F-89D4-4548-9786-9C534F28D72A}.Release|Any CPU.Build.0 = Release|Any CPU
		{D3B80A7F-89D4-4548-9786-9C534F28D72A}.Release|x64.ActiveCfg = Release|Any CPU
		{D3B80A7F-89D4-4548-9786-9C534F28D72A}.Release|x64.Build.0 = Release|Any CPU
		{D3B80A7F-89D4-4548-9786-9C534F28D72A}.Release|x86.ActiveCfg = Release|Any CPU
		{D3B80A7F-89D4-4548-9786-9C534F28D72A}.Release|x86.Build.0 = Release|Any CPU
		{97139355-5714-4089-AA18-FE4F6EB7199C}.Debug|Any CPU.ActiveCfg = Debug|Any CPU
		{97139355-5714-4089-AA18-FE4F6EB7199C}.Debug|Any CPU.Build.0 = Debug|Any CPU
		{97139355-5714-4089-AA18-FE4F6EB7199C}.Debug|x64.ActiveCfg = Debug|Any CPU
		{97139355-5714-4089-AA18-FE4F6EB7199C}.Debug|x64.Build.0 = Debug|Any CPU
		{97139355-5714-4089-AA18-FE4F6EB7199C}.Debug|x86.ActiveCfg = Debug|Any CPU
		{97139355-5714-4089-AA18-FE4F6EB7199C}.Debug|x86.Build.0 = Debug|Any CPU
		{97139355-5714-4089-AA18-FE4F6EB7199C}.Release|Any CPU.ActiveCfg = Release|Any CPU
		{97139355-5714-4089-AA18-FE4F6EB7199C}.Release|Any CPU.Build.0 = Release|Any CPU
		{97139355-5714-4089-AA18-FE4F6EB7199C}.Release|x64.ActiveCfg = Release|Any CPU
		{97139355-5714-4089-AA18-FE4F6EB7199C}.Release|x64.Build.0 = Release|Any CPU
		{97139355-5714-4089-AA18-FE4F6EB7199C}.Release|x86.ActiveCfg = Release|Any CPU
		{97139355-5714-4089-AA18-FE4F6EB7199C}.Release|x86.Build.0 = Release|Any CPU
		{8B0C69DD-0E36-43C6-8360-44F8C3EC53A1}.Debug|Any CPU.ActiveCfg = Debug|Any CPU
		{8B0C69DD-0E36-43C6-8360-44F8C3EC53A1}.Debug|Any CPU.Build.0 = Debug|Any CPU
		{8B0C69DD-0E36-43C6-8360-44F8C3EC53A1}.Debug|x64.ActiveCfg = Debug|Any CPU
		{8B0C69DD-0E36-43C6-8360-44F8C3EC53A1}.Debug|x64.Build.0 = Debug|Any CPU
		{8B0C69DD-0E36-43C6-8360-44F8C3EC53A1}.Debug|x86.ActiveCfg = Debug|Any CPU
		{8B0C69DD-0E36-43C6-8360-44F8C3EC53A1}.Debug|x86.Build.0 = Debug|Any CPU
		{8B0C69DD-0E36-43C6-8360-44F8C3EC53A1}.Release|Any CPU.ActiveCfg = Release|Any CPU
		{8B0C69DD-0E36-43C6-8360-44F8C3EC53A1}.Release|Any CPU.Build.0 = Release|Any CPU
		{8B0C69DD-0E36-43C6-8360-44F8C3EC53A1}.Release|x64.ActiveCfg = Release|Any CPU
		{8B0C69DD-0E36-43C6-8360-44F8C3EC53A1}.Release|x64.Build.0 = Release|Any CPU
		{8B0C69DD-0E36-43C6-8360-44F8C3EC53A1}.Release|x86.ActiveCfg = Release|Any CPU
		{8B0C69DD-0E36-43C6-8360-44F8C3EC53A1}.Release|x86.Build.0 = Release|Any CPU
		{0722E466-62DF-4EF2-B93F-AF40F3133BD0}.Debug|Any CPU.ActiveCfg = Debug|Any CPU
		{0722E466-62DF-4EF2-B93F-AF40F3133BD0}.Debug|Any CPU.Build.0 = Debug|Any CPU
		{0722E466-62DF-4EF2-B93F-AF40F3133BD0}.Debug|x64.ActiveCfg = Debug|Any CPU
		{0722E466-62DF-4EF2-B93F-AF40F3133BD0}.Debug|x64.Build.0 = Debug|Any CPU
		{0722E466-62DF-4EF2-B93F-AF40F3133BD0}.Debug|x86.ActiveCfg = Debug|Any CPU
		{0722E466-62DF-4EF2-B93F-AF40F3133BD0}.Debug|x86.Build.0 = Debug|Any CPU
		{0722E466-62DF-4EF2-B93F-AF40F3133BD0}.Release|Any CPU.ActiveCfg = Release|Any CPU
		{0722E466-62DF-4EF2-B93F-AF40F3133BD0}.Release|Any CPU.Build.0 = Release|Any CPU
		{0722E466-62DF-4EF2-B93F-AF40F3133BD0}.Release|x64.ActiveCfg = Release|Any CPU
		{0722E466-62DF-4EF2-B93F-AF40F3133BD0}.Release|x64.Build.0 = Release|Any CPU
		{0722E466-62DF-4EF2-B93F-AF40F3133BD0}.Release|x86.ActiveCfg = Release|Any CPU
		{0722E466-62DF-4EF2-B93F-AF40F3133BD0}.Release|x86.Build.0 = Release|Any CPU
	EndGlobalSection
	GlobalSection(SolutionProperties) = preSolution
		HideSolutionNode = FALSE
	EndGlobalSection
	GlobalSection(NestedProjects) = preSolution
		{70A42AC9-4125-4102-AF82-C6F661020782} = {2615381B-60DA-CD50-FD53-434E730EA4F4}
		{43C9F1B6-8827-4F6A-9B5C-F461F5D17790} = {D585295F-7994-3649-1065-7AA403C41681}
		{3AD33FAB-1DD1-4FAD-A2AA-649D7D0A1EE2} = {D585295F-7994-3649-1065-7AA403C41681}
		{D3B80A7F-89D4-4548-9786-9C534F28D72A} = {D585295F-7994-3649-1065-7AA403C41681}
		{97139355-5714-4089-AA18-FE4F6EB7199C} = {2615381B-60DA-CD50-FD53-434E730EA4F4}
		{79CD4068-2784-AA0D-C250-24BF27337583} = {66D79CFD-2C43-9419-3C24-01FEB7263155}
		{8B0C69DD-0E36-43C6-8360-44F8C3EC53A1} = {79CD4068-2784-AA0D-C250-24BF27337583}
		{0722E466-62DF-4EF2-B93F-AF40F3133BD0} = {66D79CFD-2C43-9419-3C24-01FEB7263155}
	EndGlobalSection
EndGlobal
