
Microsoft Visual Studio Solution File, Format Version 12.00
# Visual Studio Version 17
VisualStudioVersion = 17.0.31903.59
MinimumVisualStudioVersion = 10.0.40219.1
Project("{2150E333-8FDC-42A3-9474-1A3956D46DE8}") = "Developers", "Developers", "{2615381B-60DA-CD50-FD53-434E730EA4F4}"
EndProject
Project("{FAE04EC0-301F-11D3-BF4B-00C04F79EFBC}") = "Editor", "Developers\Editor\Editor.csproj", "{37C8EDE5-5BF4-4A56-B5BE-8BC0B9E0CC4A}"
EndProject
Project("{2150E333-8FDC-42A3-9474-1A3956D46DE8}") = "Engine", "Engine", "{D585295F-7994-3649-1065-7AA403C41681}"
EndProject
Project("{FAE04EC0-301F-11D3-BF4B-00C04F79EFBC}") = "Core", "Engine\Core\Core.csproj", "{BC262733-09AC-4032-9DC2-E38C2B373DA4}"
EndProject
Project("{FAE04EC0-301F-11D3-BF4B-00C04F79EFBC}") = "Robust.Shared.Maths", "Engine\Robust.Shared.Maths\Robust.Shared.Maths.csproj", "{61C8401E-01A0-47B3-8C3E-1CF435685F5A}"
EndProject
Project("{FAE04EC0-301F-11D3-BF4B-00C04F79EFBC}") = "Shared", "Engine\Shared\Shared.csproj", "{B613E1D5-E909-43CB-88B4-27BD815C50AA}"
EndProject
Project("{FAE04EC0-301F-11D3-BF4B-00C04F79EFBC}") = "Compiler", "Developers\Compiler\Compiler.csproj", "{F4D93C53-FADE-4D97-A13E-7C224419FBBA}"
EndProject
Project("{2150E333-8FDC-42A3-9474-1A3956D46DE8}") = "Launchers", "Launchers", "{66D79CFD-2C43-9419-3C24-01FEB7263155}"
EndProject
Project("{2150E333-8FDC-42A3-9474-1A3956D46DE8}") = "Launcher.Player", "Launcher.Player", "{79CD4068-2784-AA0D-C250-24BF27337583}"
EndProject
Project("{FAE04EC0-301F-11D3-BF4B-00C04F79EFBC}") = "Launcher", "Launchers\Launcher.Player\Launcher.csproj", "{7D04A67F-B0BD-4823-B9A0-27552EEEBC5A}"
EndProject
Project("{2150E333-8FDC-42A3-9474-1A3956D46DE8}") = "Players", "Players", "{4BB02C67-0DCC-2335-0579-3418CCD36E63}"
EndProject
Project("{FAE04EC0-301F-11D3-BF4B-00C04F79EFBC}") = "Client", "Players\Client\Client.csproj", "{1BF6A972-3AA7-425C-B485-5A8856B2E624}"
EndProject
Project("{2150E333-8FDC-42A3-9474-1A3956D46DE8}") = "Servers", "Servers", "{769B9289-B2AF-0079-2183-40A0D5B6CA35}"
EndProject
Project("{FAE04EC0-301F-11D3-BF4B-00C04F79EFBC}") = "Server", "Servers\Server\Server.csproj", "{1234A4C4-FCFA-4A47-A060-C5BA7948EFB4}"
EndProject
Project("{FAE04EC0-301F-11D3-BF4B-00C04F79EFBC}") = "Launcher.Developer", "Launchers\Launcher.Developer\Launcher.Developer.csproj", "{7020AF13-BA09-4C31-90DB-93D6A2EC11E5}"
EndProject
Project("{FAE04EC0-301F-11D3-BF4B-00C04F79EFBC}") = "tests", "tests\tests.csproj", "{991D0657-1840-4E32-9249-529F7F7003AC}"
EndProject
Global
	GlobalSection(SolutionConfigurationPlatforms) = preSolution
		Debug|Any CPU = Debug|Any CPU
		Debug|x64 = Debug|x64
		Debug|x86 = Debug|x86
		Release|Any CPU = Release|Any CPU
		Release|x64 = Release|x64
		Release|x86 = Release|x86
	EndGlobalSection
	GlobalSection(ProjectConfigurationPlatforms) = postSolution
		{37C8EDE5-5BF4-4A56-B5BE-8BC0B9E0CC4A}.Debug|Any CPU.ActiveCfg = Debug|Any CPU
		{37C8EDE5-5BF4-4A56-B5BE-8BC0B9E0CC4A}.Debug|Any CPU.Build.0 = Debug|Any CPU
		{37C8EDE5-5BF4-4A56-B5BE-8BC0B9E0CC4A}.Debug|x64.ActiveCfg = Debug|Any CPU
		{37C8EDE5-5BF4-4A56-B5BE-8BC0B9E0CC4A}.Debug|x64.Build.0 = Debug|Any CPU
		{37C8EDE5-5BF4-4A56-B5BE-8BC0B9E0CC4A}.Debug|x86.ActiveCfg = Debug|Any CPU
		{37C8EDE5-5BF4-4A56-B5BE-8BC0B9E0CC4A}.Debug|x86.Build.0 = Debug|Any CPU
		{37C8EDE5-5BF4-4A56-B5BE-8BC0B9E0CC4A}.Release|Any CPU.ActiveCfg = Release|Any CPU
		{37C8EDE5-5BF4-4A56-B5BE-8BC0B9E0CC4A}.Release|Any CPU.Build.0 = Release|Any CPU
		{37C8EDE5-5BF4-4A56-B5BE-8BC0B9E0CC4A}.Release|x64.ActiveCfg = Release|Any CPU
		{37C8EDE5-5BF4-4A56-B5BE-8BC0B9E0CC4A}.Release|x64.Build.0 = Release|Any CPU
		{37C8EDE5-5BF4-4A56-B5BE-8BC0B9E0CC4A}.Release|x86.ActiveCfg = Release|Any CPU
		{37C8EDE5-5BF4-4A56-B5BE-8BC0B9E0CC4A}.Release|x86.Build.0 = Release|Any CPU
		{BC262733-09AC-4032-9DC2-E38C2B373DA4}.Debug|Any CPU.ActiveCfg = Debug|Any CPU
		{BC262733-09AC-4032-9DC2-E38C2B373DA4}.Debug|Any CPU.Build.0 = Debug|Any CPU
		{BC262733-09AC-4032-9DC2-E38C2B373DA4}.Debug|x64.ActiveCfg = Debug|Any CPU
		{BC262733-09AC-4032-9DC2-E38C2B373DA4}.Debug|x64.Build.0 = Debug|Any CPU
		{BC262733-09AC-4032-9DC2-E38C2B373DA4}.Debug|x86.ActiveCfg = Debug|Any CPU
		{BC262733-09AC-4032-9DC2-E38C2B373DA4}.Debug|x86.Build.0 = Debug|Any CPU
		{BC262733-09AC-4032-9DC2-E38C2B373DA4}.Release|Any CPU.ActiveCfg = Release|Any CPU
		{BC262733-09AC-4032-9DC2-E38C2B373DA4}.Release|Any CPU.Build.0 = Release|Any CPU
		{BC262733-09AC-4032-9DC2-E38C2B373DA4}.Release|x64.ActiveCfg = Release|Any CPU
		{BC262733-09AC-4032-9DC2-E38C2B373DA4}.Release|x64.Build.0 = Release|Any CPU
		{BC262733-09AC-4032-9DC2-E38C2B373DA4}.Release|x86.ActiveCfg = Release|Any CPU
		{BC262733-09AC-4032-9DC2-E38C2B373DA4}.Release|x86.Build.0 = Release|Any CPU
		{61C8401E-01A0-47B3-8C3E-1CF435685F5A}.Debug|Any CPU.ActiveCfg = Debug|Any CPU
		{61C8401E-01A0-47B3-8C3E-1CF435685F5A}.Debug|Any CPU.Build.0 = Debug|Any CPU
		{61C8401E-01A0-47B3-8C3E-1CF435685F5A}.Debug|x64.ActiveCfg = Debug|Any CPU
		{61C8401E-01A0-47B3-8C3E-1CF435685F5A}.Debug|x64.Build.0 = Debug|Any CPU
		{61C8401E-01A0-47B3-8C3E-1CF435685F5A}.Debug|x86.ActiveCfg = Debug|Any CPU
		{61C8401E-01A0-47B3-8C3E-1CF435685F5A}.Debug|x86.Build.0 = Debug|Any CPU
		{61C8401E-01A0-47B3-8C3E-1CF435685F5A}.Release|Any CPU.ActiveCfg = Release|Any CPU
		{61C8401E-01A0-47B3-8C3E-1CF435685F5A}.Release|Any CPU.Build.0 = Release|Any CPU
		{61C8401E-01A0-47B3-8C3E-1CF435685F5A}.Release|x64.ActiveCfg = Release|Any CPU
		{61C8401E-01A0-47B3-8C3E-1CF435685F5A}.Release|x64.Build.0 = Release|Any CPU
		{61C8401E-01A0-47B3-8C3E-1CF435685F5A}.Release|x86.ActiveCfg = Release|Any CPU
		{61C8401E-01A0-47B3-8C3E-1CF435685F5A}.Release|x86.Build.0 = Release|Any CPU
		{B613E1D5-E909-43CB-88B4-27BD815C50AA}.Debug|Any CPU.ActiveCfg = Debug|Any CPU
		{B613E1D5-E909-43CB-88B4-27BD815C50AA}.Debug|Any CPU.Build.0 = Debug|Any CPU
		{B613E1D5-E909-43CB-88B4-27BD815C50AA}.Debug|x64.ActiveCfg = Debug|Any CPU
		{B613E1D5-E909-43CB-88B4-27BD815C50AA}.Debug|x64.Build.0 = Debug|Any CPU
		{B613E1D5-E909-43CB-88B4-27BD815C50AA}.Debug|x86.ActiveCfg = Debug|Any CPU
		{B613E1D5-E909-43CB-88B4-27BD815C50AA}.Debug|x86.Build.0 = Debug|Any CPU
		{B613E1D5-E909-43CB-88B4-27BD815C50AA}.Release|Any CPU.ActiveCfg = Release|Any CPU
		{B613E1D5-E909-43CB-88B4-27BD815C50AA}.Release|Any CPU.Build.0 = Release|Any CPU
		{B613E1D5-E909-43CB-88B4-27BD815C50AA}.Release|x64.ActiveCfg = Release|Any CPU
		{B613E1D5-E909-43CB-88B4-27BD815C50AA}.Release|x64.Build.0 = Release|Any CPU
		{B613E1D5-E909-43CB-88B4-27BD815C50AA}.Release|x86.ActiveCfg = Release|Any CPU
		{B613E1D5-E909-43CB-88B4-27BD815C50AA}.Release|x86.Build.0 = Release|Any CPU
		{F4D93C53-FADE-4D97-A13E-7C224419FBBA}.Debug|Any CPU.ActiveCfg = Debug|Any CPU
		{F4D93C53-FADE-4D97-A13E-7C224419FBBA}.Debug|Any CPU.Build.0 = Debug|Any CPU
		{F4D93C53-FADE-4D97-A13E-7C224419FBBA}.Debug|x64.ActiveCfg = Debug|Any CPU
		{F4D93C53-FADE-4D97-A13E-7C224419FBBA}.Debug|x64.Build.0 = Debug|Any CPU
		{F4D93C53-FADE-4D97-A13E-7C224419FBBA}.Debug|x86.ActiveCfg = Debug|Any CPU
		{F4D93C53-FADE-4D97-A13E-7C224419FBBA}.Debug|x86.Build.0 = Debug|Any CPU
		{F4D93C53-FADE-4D97-A13E-7C224419FBBA}.Release|Any CPU.ActiveCfg = Release|Any CPU
		{F4D93C53-FADE-4D97-A13E-7C224419FBBA}.Release|Any CPU.Build.0 = Release|Any CPU
		{F4D93C53-FADE-4D97-A13E-7C224419FBBA}.Release|x64.ActiveCfg = Release|Any CPU
		{F4D93C53-FADE-4D97-A13E-7C224419FBBA}.Release|x64.Build.0 = Release|Any CPU
		{F4D93C53-FADE-4D97-A13E-7C224419FBBA}.Release|x86.ActiveCfg = Release|Any CPU
		{F4D93C53-FADE-4D97-A13E-7C224419FBBA}.Release|x86.Build.0 = Release|Any CPU
		{7D04A67F-B0BD-4823-B9A0-27552EEEBC5A}.Debug|Any CPU.ActiveCfg = Debug|Any CPU
		{7D04A67F-B0BD-4823-B9A0-27552EEEBC5A}.Debug|Any CPU.Build.0 = Debug|Any CPU
		{7D04A67F-B0BD-4823-B9A0-27552EEEBC5A}.Debug|x64.ActiveCfg = Debug|Any CPU
		{7D04A67F-B0BD-4823-B9A0-27552EEEBC5A}.Debug|x64.Build.0 = Debug|Any CPU
		{7D04A67F-B0BD-4823-B9A0-27552EEEBC5A}.Debug|x86.ActiveCfg = Debug|Any CPU
		{7D04A67F-B0BD-4823-B9A0-27552EEEBC5A}.Debug|x86.Build.0 = Debug|Any CPU
		{7D04A67F-B0BD-4823-B9A0-27552EEEBC5A}.Release|Any CPU.ActiveCfg = Release|Any CPU
		{7D04A67F-B0BD-4823-B9A0-27552EEEBC5A}.Release|Any CPU.Build.0 = Release|Any CPU
		{7D04A67F-B0BD-4823-B9A0-27552EEEBC5A}.Release|x64.ActiveCfg = Release|Any CPU
		{7D04A67F-B0BD-4823-B9A0-27552EEEBC5A}.Release|x64.Build.0 = Release|Any CPU
		{7D04A67F-B0BD-4823-B9A0-27552EEEBC5A}.Release|x86.ActiveCfg = Release|Any CPU
		{7D04A67F-B0BD-4823-B9A0-27552EEEBC5A}.Release|x86.Build.0 = Release|Any CPU
		{1BF6A972-3AA7-425C-B485-5A8856B2E624}.Debug|Any CPU.ActiveCfg = Debug|Any CPU
		{1BF6A972-3AA7-425C-B485-5A8856B2E624}.Debug|Any CPU.Build.0 = Debug|Any CPU
		{1BF6A972-3AA7-425C-B485-5A8856B2E624}.Debug|x64.ActiveCfg = Debug|Any CPU
		{1BF6A972-3AA7-425C-B485-5A8856B2E624}.Debug|x64.Build.0 = Debug|Any CPU
		{1BF6A972-3AA7-425C-B485-5A8856B2E624}.Debug|x86.ActiveCfg = Debug|Any CPU
		{1BF6A972-3AA7-425C-B485-5A8856B2E624}.Debug|x86.Build.0 = Debug|Any CPU
		{1BF6A972-3AA7-425C-B485-5A8856B2E624}.Release|Any CPU.ActiveCfg = Release|Any CPU
		{1BF6A972-3AA7-425C-B485-5A8856B2E624}.Release|Any CPU.Build.0 = Release|Any CPU
		{1BF6A972-3AA7-425C-B485-5A8856B2E624}.Release|x64.ActiveCfg = Release|Any CPU
		{1BF6A972-3AA7-425C-B485-5A8856B2E624}.Release|x64.Build.0 = Release|Any CPU
		{1BF6A972-3AA7-425C-B485-5A8856B2E624}.Release|x86.ActiveCfg = Release|Any CPU
		{1BF6A972-3AA7-425C-B485-5A8856B2E624}.Release|x86.Build.0 = Release|Any CPU
		{1234A4C4-FCFA-4A47-A060-C5BA7948EFB4}.Debug|Any CPU.ActiveCfg = Debug|Any CPU
		{1234A4C4-FCFA-4A47-A060-C5BA7948EFB4}.Debug|Any CPU.Build.0 = Debug|Any CPU
		{1234A4C4-FCFA-4A47-A060-C5BA7948EFB4}.Debug|x64.ActiveCfg = Debug|Any CPU
		{1234A4C4-FCFA-4A47-A060-C5BA7948EFB4}.Debug|x64.Build.0 = Debug|Any CPU
		{1234A4C4-FCFA-4A47-A060-C5BA7948EFB4}.Debug|x86.ActiveCfg = Debug|Any CPU
		{1234A4C4-FCFA-4A47-A060-C5BA7948EFB4}.Debug|x86.Build.0 = Debug|Any CPU
		{1234A4C4-FCFA-4A47-A060-C5BA7948EFB4}.Release|Any CPU.ActiveCfg = Release|Any CPU
		{1234A4C4-FCFA-4A47-A060-C5BA7948EFB4}.Release|Any CPU.Build.0 = Release|Any CPU
		{1234A4C4-FCFA-4A47-A060-C5BA7948EFB4}.Release|x64.ActiveCfg = Release|Any CPU
		{1234A4C4-FCFA-4A47-A060-C5BA7948EFB4}.Release|x64.Build.0 = Release|Any CPU
		{1234A4C4-FCFA-4A47-A060-C5BA7948EFB4}.Release|x86.ActiveCfg = Release|Any CPU
		{1234A4C4-FCFA-4A47-A060-C5BA7948EFB4}.Release|x86.Build.0 = Release|Any CPU
		{7020AF13-BA09-4C31-90DB-93D6A2EC11E5}.Debug|Any CPU.ActiveCfg = Debug|Any CPU
		{7020AF13-BA09-4C31-90DB-93D6A2EC11E5}.Debug|Any CPU.Build.0 = Debug|Any CPU
		{7020AF13-BA09-4C31-90DB-93D6A2EC11E5}.Debug|x64.ActiveCfg = Debug|Any CPU
		{7020AF13-BA09-4C31-90DB-93D6A2EC11E5}.Debug|x64.Build.0 = Debug|Any CPU
		{7020AF13-BA09-4C31-90DB-93D6A2EC11E5}.Debug|x86.ActiveCfg = Debug|Any CPU
		{7020AF13-BA09-4C31-90DB-93D6A2EC11E5}.Debug|x86.Build.0 = Debug|Any CPU
		{7020AF13-BA09-4C31-90DB-93D6A2EC11E5}.Release|Any CPU.ActiveCfg = Release|Any CPU
		{7020AF13-BA09-4C31-90DB-93D6A2EC11E5}.Release|Any CPU.Build.0 = Release|Any CPU
		{7020AF13-BA09-4C31-90DB-93D6A2EC11E5}.Release|x64.ActiveCfg = Release|Any CPU
		{7020AF13-BA09-4C31-90DB-93D6A2EC11E5}.Release|x64.Build.0 = Release|Any CPU
		{7020AF13-BA09-4C31-90DB-93D6A2EC11E5}.Release|x86.ActiveCfg = Release|Any CPU
		{7020AF13-BA09-4C31-90DB-93D6A2EC11E5}.Release|x86.Build.0 = Release|Any CPU
		{991D0657-1840-4E32-9249-529F7F7003AC}.Debug|Any CPU.ActiveCfg = Debug|Any CPU
		{991D0657-1840-4E32-9249-529F7F7003AC}.Debug|Any CPU.Build.0 = Debug|Any CPU
		{991D0657-1840-4E32-9249-529F7F7003AC}.Debug|x64.ActiveCfg = Debug|Any CPU
		{991D0657-1840-4E32-9249-529F7F7003AC}.Debug|x64.Build.0 = Debug|Any CPU
		{991D0657-1840-4E32-9249-529F7F7003AC}.Debug|x86.ActiveCfg = Debug|Any CPU
		{991D0657-1840-4E32-9249-529F7F7003AC}.Debug|x86.Build.0 = Debug|Any CPU
		{991D0657-1840-4E32-9249-529F7F7003AC}.Release|Any CPU.ActiveCfg = Release|Any CPU
		{991D0657-1840-4E32-9249-529F7F7003AC}.Release|Any CPU.Build.0 = Release|Any CPU
		{991D0657-1840-4E32-9249-529F7F7003AC}.Release|x64.ActiveCfg = Release|Any CPU
		{991D0657-1840-4E32-9249-529F7F7003AC}.Release|x64.Build.0 = Release|Any CPU
		{991D0657-1840-4E32-9249-529F7F7003AC}.Release|x86.ActiveCfg = Release|Any CPU
		{991D0657-1840-4E32-9249-529F7F7003AC}.Release|x86.Build.0 = Release|Any CPU
	EndGlobalSection
	GlobalSection(SolutionProperties) = preSolution
		HideSolutionNode = FALSE
	EndGlobalSection
	GlobalSection(NestedProjects) = preSolution
		{37C8EDE5-5BF4-4A56-B5BE-8BC0B9E0CC4A} = {2615381B-60DA-CD50-FD53-434E730EA4F4}
		{BC262733-09AC-4032-9DC2-E38C2B373DA4} = {D585295F-7994-3649-1065-7AA403C41681}
		{61C8401E-01A0-47B3-8C3E-1CF435685F5A} = {D585295F-7994-3649-1065-7AA403C41681}
		{B613E1D5-E909-43CB-88B4-27BD815C50AA} = {D585295F-7994-3649-1065-7AA403C41681}
		{F4D93C53-FADE-4D97-A13E-7C224419FBBA} = {2615381B-60DA-CD50-FD53-434E730EA4F4}
		{79CD4068-2784-AA0D-C250-24BF27337583} = {66D79CFD-2C43-9419-3C24-01FEB7263155}
		{7D04A67F-B0BD-4823-B9A0-27552EEEBC5A} = {79CD4068-2784-AA0D-C250-24BF27337583}
		{1BF6A972-3AA7-425C-B485-5A8856B2E624} = {4BB02C67-0DCC-2335-0579-3418CCD36E63}
		{1234A4C4-FCFA-4A47-A060-C5BA7948EFB4} = {769B9289-B2AF-0079-2183-40A0D5B6CA35}
		{7020AF13-BA09-4C31-90DB-93D6A2EC11E5} = {66D79CFD-2C43-9419-3C24-01FEB7263155}
	EndGlobalSection
EndGlobal
