
Microsoft Visual Studio Solution File, Format Version 12.00
# Visual Studio Version 17
VisualStudioVersion = 17.0.31903.59
MinimumVisualStudioVersion = 10.0.40219.1
Project("{FAE04EC0-301F-11D3-BF4B-00C04F79EFBC}") = "Core", "Core\Core.csproj", "{C9E29266-4181-4D8D-89E9-49C6A507C0B5}"
EndProject
Project("{FAE04EC0-301F-11D3-BF4B-00C04F79EFBC}") = "Server", "Server\Server.csproj", "{E2BFB7A7-4C2C-4DF6-8EBB-2845B486809B}"
EndProject
Project("{FAE04EC0-301F-11D3-BF4B-00C04F79EFBC}") = "tests", "tests\tests.csproj", "{EABC8485-7082-43F7-88D4-260A9423EBB5}"
EndProject
Project("{FAE04EC0-301F-11D3-BF4B-00C04F79EFBC}") = "Editor", "Editor\Editor.csproj", "{A3304076-B33E-439E-B4E6-CF49CFBE0D9B}"
EndProject
Project("{FAE04EC0-301F-11D3-BF4B-00C04F79EFBC}") = "Compiler", "Compiler\Compiler.csproj", "{0C667F61-C307-450A-97AC-EB1E0281E75F}"
EndProject
Project("{FAE04EC0-301F-11D3-BF4B-00C04F79EFBC}") = "Shared", "Shared\Shared.csproj", "{3E225AD0-8A4D-4BA4-B37B-B190D7E5E021}"
EndProject
Project("{FAE04EC0-301F-11D3-BF4B-00C04F79EFBC}") = "Launcher", "Launcher\Launcher.csproj", "{32589874-E816-453A-BE37-7DB7423A0D9D}"
EndProject
Global
	GlobalSection(SolutionConfigurationPlatforms) = preSolution
		Debug|Any CPU = Debug|Any CPU
		Debug|x64 = Debug|x64
		Debug|x86 = Debug|x86
		Release|Any CPU = Release|Any CPU
		Release|x64 = Release|x64
		Release|x86 = Release|x86
	EndGlobalSection
	GlobalSection(ProjectConfigurationPlatforms) = postSolution
		{C9E29266-4181-4D8D-89E9-49C6A507C0B5}.Debug|Any CPU.ActiveCfg = Debug|Any CPU
		{C9E29266-4181-4D8D-89E9-49C6A507C0B5}.Debug|Any CPU.Build.0 = Debug|Any CPU
		{C9E29266-4181-4D8D-89E9-49C6A507C0B5}.Debug|x64.ActiveCfg = Debug|Any CPU
		{C9E29266-4181-4D8D-89E9-49C6A507C0B5}.Debug|x64.Build.0 = Debug|Any CPU
		{C9E29266-4181-4D8D-89E9-49C6A507C0B5}.Debug|x86.ActiveCfg = Debug|Any CPU
		{C9E29266-4181-4D8D-89E9-49C6A507C0B5}.Debug|x86.Build.0 = Debug|Any CPU
		{C9E29266-4181-4D8D-89E9-49C6A507C0B5}.Release|Any CPU.ActiveCfg = Release|Any CPU
		{C9E29266-4181-4D8D-89E9-49C6A507C0B5}.Release|Any CPU.Build.0 = Release|Any CPU
		{C9E29266-4181-4D8D-89E9-49C6A507C0B5}.Release|x64.ActiveCfg = Release|Any CPU
		{C9E29266-4181-4D8D-89E9-49C6A507C0B5}.Release|x64.Build.0 = Release|Any CPU
		{C9E29266-4181-4D8D-89E9-49C6A507C0B5}.Release|x86.ActiveCfg = Release|Any CPU
		{C9E29266-4181-4D8D-89E9-49C6A507C0B5}.Release|x86.Build.0 = Release|Any CPU
		{E2BFB7A7-4C2C-4DF6-8EBB-2845B486809B}.Debug|Any CPU.ActiveCfg = Debug|Any CPU
		{E2BFB7A7-4C2C-4DF6-8EBB-2845B486809B}.Debug|Any CPU.Build.0 = Debug|Any CPU
		{E2BFB7A7-4C2C-4DF6-8EBB-2845B486809B}.Debug|x64.ActiveCfg = Debug|Any CPU
		{E2BFB7A7-4C2C-4DF6-8EBB-2845B486809B}.Debug|x64.Build.0 = Debug|Any CPU
		{E2BFB7A7-4C2C-4DF6-8EBB-2845B486809B}.Debug|x86.ActiveCfg = Debug|Any CPU
		{E2BFB7A7-4C2C-4DF6-8EBB-2845B486809B}.Debug|x86.Build.0 = Debug|Any CPU
		{E2BFB7A7-4C2C-4DF6-8EBB-2845B486809B}.Release|Any CPU.ActiveCfg = Release|Any CPU
		{E2BFB7A7-4C2C-4DF6-8EBB-2845B486809B}.Release|Any CPU.Build.0 = Release|Any CPU
		{E2BFB7A7-4C2C-4DF6-8EBB-2845B486809B}.Release|x64.ActiveCfg = Release|Any CPU
		{E2BFB7A7-4C2C-4DF6-8EBB-2845B486809B}.Release|x64.Build.0 = Release|Any CPU
		{E2BFB7A7-4C2C-4DF6-8EBB-2845B486809B}.Release|x86.ActiveCfg = Release|Any CPU
		{E2BFB7A7-4C2C-4DF6-8EBB-2845B486809B}.Release|x86.Build.0 = Release|Any CPU
		{EABC8485-7082-43F7-88D4-260A9423EBB5}.Debug|Any CPU.ActiveCfg = Debug|Any CPU
		{EABC8485-7082-43F7-88D4-260A9423EBB5}.Debug|Any CPU.Build.0 = Debug|Any CPU
		{EABC8485-7082-43F7-88D4-260A9423EBB5}.Debug|x64.ActiveCfg = Debug|Any CPU
		{EABC8485-7082-43F7-88D4-260A9423EBB5}.Debug|x64.Build.0 = Debug|Any CPU
		{EABC8485-7082-43F7-88D4-260A9423EBB5}.Debug|x86.ActiveCfg = Debug|Any CPU
		{EABC8485-7082-43F7-88D4-260A9423EBB5}.Debug|x86.Build.0 = Debug|Any CPU
		{EABC8485-7082-43F7-88D4-260A9423EBB5}.Release|Any CPU.ActiveCfg = Release|Any CPU
		{EABC8485-7082-43F7-88D4-260A9423EBB5}.Release|Any CPU.Build.0 = Release|Any CPU
		{EABC8485-7082-43F7-88D4-260A9423EBB5}.Release|x64.ActiveCfg = Release|Any CPU
		{EABC8485-7082-43F7-88D4-260A9423EBB5}.Release|x64.Build.0 = Release|Any CPU
		{EABC8485-7082-43F7-88D4-260A9423EBB5}.Release|x86.ActiveCfg = Release|Any CPU
		{EABC8485-7082-43F7-88D4-260A9423EBB5}.Release|x86.Build.0 = Release|Any CPU
		{A3304076-B33E-439E-B4E6-CF49CFBE0D9B}.Debug|Any CPU.ActiveCfg = Debug|Any CPU
		{A3304076-B33E-439E-B4E6-CF49CFBE0D9B}.Debug|Any CPU.Build.0 = Debug|Any CPU
		{A3304076-B33E-439E-B4E6-CF49CFBE0D9B}.Debug|x64.ActiveCfg = Debug|Any CPU
		{A3304076-B33E-439E-B4E6-CF49CFBE0D9B}.Debug|x64.Build.0 = Debug|Any CPU
		{A3304076-B33E-439E-B4E6-CF49CFBE0D9B}.Debug|x86.ActiveCfg = Debug|Any CPU
		{A3304076-B33E-439E-B4E6-CF49CFBE0D9B}.Debug|x86.Build.0 = Debug|Any CPU
		{A3304076-B33E-439E-B4E6-CF49CFBE0D9B}.Release|Any CPU.ActiveCfg = Release|Any CPU
		{A3304076-B33E-439E-B4E6-CF49CFBE0D9B}.Release|Any CPU.Build.0 = Release|Any CPU
		{A3304076-B33E-439E-B4E6-CF49CFBE0D9B}.Release|x64.ActiveCfg = Release|Any CPU
		{A3304076-B33E-439E-B4E6-CF49CFBE0D9B}.Release|x64.Build.0 = Release|Any CPU
		{A3304076-B33E-439E-B4E6-CF49CFBE0D9B}.Release|x86.ActiveCfg = Release|Any CPU
		{A3304076-B33E-439E-B4E6-CF49CFBE0D9B}.Release|x86.Build.0 = Release|Any CPU
		{0C667F61-C307-450A-97AC-EB1E0281E75F}.Debug|Any CPU.ActiveCfg = Debug|Any CPU
		{0C667F61-C307-450A-97AC-EB1E0281E75F}.Debug|Any CPU.Build.0 = Debug|Any CPU
		{0C667F61-C307-450A-97AC-EB1E0281E75F}.Debug|x64.ActiveCfg = Debug|Any CPU
		{0C667F61-C307-450A-97AC-EB1E0281E75F}.Debug|x64.Build.0 = Debug|Any CPU
		{0C667F61-C307-450A-97AC-EB1E0281E75F}.Debug|x86.ActiveCfg = Debug|Any CPU
		{0C667F61-C307-450A-97AC-EB1E0281E75F}.Debug|x86.Build.0 = Debug|Any CPU
		{0C667F61-C307-450A-97AC-EB1E0281E75F}.Release|Any CPU.ActiveCfg = Release|Any CPU
		{0C667F61-C307-450A-97AC-EB1E0281E75F}.Release|Any CPU.Build.0 = Release|Any CPU
		{0C667F61-C307-450A-97AC-EB1E0281E75F}.Release|x64.ActiveCfg = Release|Any CPU
		{0C667F61-C307-450A-97AC-EB1E0281E75F}.Release|x64.Build.0 = Release|Any CPU
		{0C667F61-C307-450A-97AC-EB1E0281E75F}.Release|x86.ActiveCfg = Release|Any CPU
		{0C667F61-C307-450A-97AC-EB1E0281E75F}.Release|x86.Build.0 = Release|Any CPU
		{3E225AD0-8A4D-4BA4-B37B-B190D7E5E021}.Debug|Any CPU.ActiveCfg = Debug|Any CPU
		{3E225AD0-8A4D-4BA4-B37B-B190D7E5E021}.Debug|Any CPU.Build.0 = Debug|Any CPU
		{3E225AD0-8A4D-4BA4-B37B-B190D7E5E021}.Debug|x64.ActiveCfg = Debug|Any CPU
		{3E225AD0-8A4D-4BA4-B37B-B190D7E5E021}.Debug|x64.Build.0 = Debug|Any CPU
		{3E225AD0-8A4D-4BA4-B37B-B190D7E5E021}.Debug|x86.ActiveCfg = Debug|Any CPU
		{3E225AD0-8A4D-4BA4-B37B-B190D7E5E021}.Debug|x86.Build.0 = Debug|Any CPU
		{3E225AD0-8A4D-4BA4-B37B-B190D7E5E021}.Release|Any CPU.ActiveCfg = Release|Any CPU
		{3E225AD0-8A4D-4BA4-B37B-B190D7E5E021}.Release|Any CPU.Build.0 = Release|Any CPU
		{3E225AD0-8A4D-4BA4-B37B-B190D7E5E021}.Release|x64.ActiveCfg = Release|Any CPU
		{3E225AD0-8A4D-4BA4-B37B-B190D7E5E021}.Release|x64.Build.0 = Release|Any CPU
		{3E225AD0-8A4D-4BA4-B37B-B190D7E5E021}.Release|x86.ActiveCfg = Release|Any CPU
		{3E225AD0-8A4D-4BA4-B37B-B190D7E5E021}.Release|x86.Build.0 = Release|Any CPU
		{32589874-E816-453A-BE37-7DB7423A0D9D}.Debug|Any CPU.ActiveCfg = Debug|Any CPU
		{32589874-E816-453A-BE37-7DB7423A0D9D}.Debug|Any CPU.Build.0 = Debug|Any CPU
		{32589874-E816-453A-BE37-7DB7423A0D9D}.Debug|x64.ActiveCfg = Debug|Any CPU
		{32589874-E816-453A-BE37-7DB7423A0D9D}.Debug|x64.Build.0 = Debug|Any CPU
		{32589874-E816-453A-BE37-7DB7423A0D9D}.Debug|x86.ActiveCfg = Debug|Any CPU
		{32589874-E816-453A-BE37-7DB7423A0D9D}.Debug|x86.Build.0 = Debug|Any CPU
		{32589874-E816-453A-BE37-7DB7423A0D9D}.Release|Any CPU.ActiveCfg = Release|Any CPU
		{32589874-E816-453A-BE37-7DB7423A0D9D}.Release|Any CPU.Build.0 = Release|Any CPU
		{32589874-E816-453A-BE37-7DB7423A0D9D}.Release|x64.ActiveCfg = Release|Any CPU
		{32589874-E816-453A-BE37-7DB7423A0D9D}.Release|x64.Build.0 = Release|Any CPU
		{32589874-E816-453A-BE37-7DB7423A0D9D}.Release|x86.ActiveCfg = Release|Any CPU
		{32589874-E816-453A-BE37-7DB7423A0D9D}.Release|x86.Build.0 = Release|Any CPU
	EndGlobalSection
	GlobalSection(SolutionProperties) = preSolution
		HideSolutionNode = FALSE
	EndGlobalSection
EndGlobal
