
Microsoft Visual Studio Solution File, Format Version 12.00
# Visual Studio Version 17
VisualStudioVersion = 17.0.31903.59
MinimumVisualStudioVersion = 10.0.40219.1
Project("{2150E333-8FDC-42A3-9474-1A3956D46DE8}") = "Servers", "Servers", "{769B9289-B2AF-0079-2183-40A0D5B6CA35}"
EndProject
Project("{FAE04EC0-301F-11D3-BF4B-00C04F79EFBC}") = "Server", "Servers\Server\Server.csproj", "{D7859E5C-A910-465C-863B-C339063A72C8}"
EndProject
Project("{2150E333-8FDC-42A3-9474-1A3956D46DE8}") = "Engine", "Engine", "{D585295F-7994-3649-1065-7AA403C41681}"
EndProject
Project("{FAE04EC0-301F-11D3-BF4B-00C04F79EFBC}") = "Core", "Engine\Core\Core.csproj", "{6A8DB619-5BA6-4320-BE01-A32B6F7612A1}"
EndProject
Project("{FAE04EC0-301F-11D3-BF4B-00C04F79EFBC}") = "Robust.Shared.Maths", "Engine\Robust.Shared.Maths\Robust.Shared.Maths.csproj", "{A85F5B41-2B95-4332-93F9-F97C867A7DD8}"
EndProject
Project("{FAE04EC0-301F-11D3-BF4B-00C04F79EFBC}") = "Shared", "Engine\Shared\Shared.csproj", "{98AC1787-4913-4D87-9C73-701B15CA33E2}"
EndProject
Project("{2150E333-8FDC-42A3-9474-1A3956D46DE8}") = "Developers", "Developers", "{2615381B-60DA-CD50-FD53-434E730EA4F4}"
EndProject
Project("{FAE04EC0-301F-11D3-BF4B-00C04F79EFBC}") = "Compiler", "Developers\Compiler\Compiler.csproj", "{86A1D4F1-5055-4E88-90BC-B70356FCA283}"
EndProject
Global
	GlobalSection(SolutionConfigurationPlatforms) = preSolution
		Debug|Any CPU = Debug|Any CPU
		Debug|x64 = Debug|x64
		Debug|x86 = Debug|x86
		Release|Any CPU = Release|Any CPU
		Release|x64 = Release|x64
		Release|x86 = Release|x86
	EndGlobalSection
	GlobalSection(ProjectConfigurationPlatforms) = postSolution
		{D7859E5C-A910-465C-863B-C339063A72C8}.Debug|Any CPU.ActiveCfg = Debug|Any CPU
		{D7859E5C-A910-465C-863B-C339063A72C8}.Debug|Any CPU.Build.0 = Debug|Any CPU
		{D7859E5C-A910-465C-863B-C339063A72C8}.Debug|x64.ActiveCfg = Debug|Any CPU
		{D7859E5C-A910-465C-863B-C339063A72C8}.Debug|x64.Build.0 = Debug|Any CPU
		{D7859E5C-A910-465C-863B-C339063A72C8}.Debug|x86.ActiveCfg = Debug|Any CPU
		{D7859E5C-A910-465C-863B-C339063A72C8}.Debug|x86.Build.0 = Debug|Any CPU
		{D7859E5C-A910-465C-863B-C339063A72C8}.Release|Any CPU.ActiveCfg = Release|Any CPU
		{D7859E5C-A910-465C-863B-C339063A72C8}.Release|Any CPU.Build.0 = Release|Any CPU
		{D7859E5C-A910-465C-863B-C339063A72C8}.Release|x64.ActiveCfg = Release|Any CPU
		{D7859E5C-A910-465C-863B-C339063A72C8}.Release|x64.Build.0 = Release|Any CPU
		{D7859E5C-A910-465C-863B-C339063A72C8}.Release|x86.ActiveCfg = Release|Any CPU
		{D7859E5C-A910-465C-863B-C339063A72C8}.Release|x86.Build.0 = Release|Any CPU
		{6A8DB619-5BA6-4320-BE01-A32B6F7612A1}.Debug|Any CPU.ActiveCfg = Debug|Any CPU
		{6A8DB619-5BA6-4320-BE01-A32B6F7612A1}.Debug|Any CPU.Build.0 = Debug|Any CPU
		{6A8DB619-5BA6-4320-BE01-A32B6F7612A1}.Debug|x64.ActiveCfg = Debug|Any CPU
		{6A8DB619-5BA6-4320-BE01-A32B6F7612A1}.Debug|x64.Build.0 = Debug|Any CPU
		{6A8DB619-5BA6-4320-BE01-A32B6F7612A1}.Debug|x86.ActiveCfg = Debug|Any CPU
		{6A8DB619-5BA6-4320-BE01-A32B6F7612A1}.Debug|x86.Build.0 = Debug|Any CPU
		{6A8DB619-5BA6-4320-BE01-A32B6F7612A1}.Release|Any CPU.ActiveCfg = Release|Any CPU
		{6A8DB619-5BA6-4320-BE01-A32B6F7612A1}.Release|Any CPU.Build.0 = Release|Any CPU
		{6A8DB619-5BA6-4320-BE01-A32B6F7612A1}.Release|x64.ActiveCfg = Release|Any CPU
		{6A8DB619-5BA6-4320-BE01-A32B6F7612A1}.Release|x64.Build.0 = Release|Any CPU
		{6A8DB619-5BA6-4320-BE01-A32B6F7612A1}.Release|x86.ActiveCfg = Release|Any CPU
		{6A8DB619-5BA6-4320-BE01-A32B6F7612A1}.Release|x86.Build.0 = Release|Any CPU
		{A85F5B41-2B95-4332-93F9-F97C867A7DD8}.Debug|Any CPU.ActiveCfg = Debug|Any CPU
		{A85F5B41-2B95-4332-93F9-F97C867A7DD8}.Debug|Any CPU.Build.0 = Debug|Any CPU
		{A85F5B41-2B95-4332-93F9-F97C867A7DD8}.Debug|x64.ActiveCfg = Debug|Any CPU
		{A85F5B41-2B95-4332-93F9-F97C867A7DD8}.Debug|x64.Build.0 = Debug|Any CPU
		{A85F5B41-2B95-4332-93F9-F97C867A7DD8}.Debug|x86.ActiveCfg = Debug|Any CPU
		{A85F5B41-2B95-4332-93F9-F97C867A7DD8}.Debug|x86.Build.0 = Debug|Any CPU
		{A85F5B41-2B95-4332-93F9-F97C867A7DD8}.Release|Any CPU.ActiveCfg = Release|Any CPU
		{A85F5B41-2B95-4332-93F9-F97C867A7DD8}.Release|Any CPU.Build.0 = Release|Any CPU
		{A85F5B41-2B95-4332-93F9-F97C867A7DD8}.Release|x64.ActiveCfg = Release|Any CPU
		{A85F5B41-2B95-4332-93F9-F97C867A7DD8}.Release|x64.Build.0 = Release|Any CPU
		{A85F5B41-2B95-4332-93F9-F97C867A7DD8}.Release|x86.ActiveCfg = Release|Any CPU
		{A85F5B41-2B95-4332-93F9-F97C867A7DD8}.Release|x86.Build.0 = Release|Any CPU
		{98AC1787-4913-4D87-9C73-701B15CA33E2}.Debug|Any CPU.ActiveCfg = Debug|Any CPU
		{98AC1787-4913-4D87-9C73-701B15CA33E2}.Debug|Any CPU.Build.0 = Debug|Any CPU
		{98AC1787-4913-4D87-9C73-701B15CA33E2}.Debug|x64.ActiveCfg = Debug|Any CPU
		{98AC1787-4913-4D87-9C73-701B15CA33E2}.Debug|x64.Build.0 = Debug|Any CPU
		{98AC1787-4913-4D87-9C73-701B15CA33E2}.Debug|x86.ActiveCfg = Debug|Any CPU
		{98AC1787-4913-4D87-9C73-701B15CA33E2}.Debug|x86.Build.0 = Debug|Any CPU
		{98AC1787-4913-4D87-9C73-701B15CA33E2}.Release|Any CPU.ActiveCfg = Release|Any CPU
		{98AC1787-4913-4D87-9C73-701B15CA33E2}.Release|Any CPU.Build.0 = Release|Any CPU
		{98AC1787-4913-4D87-9C73-701B15CA33E2}.Release|x64.ActiveCfg = Release|Any CPU
		{98AC1787-4913-4D87-9C73-701B15CA33E2}.Release|x64.Build.0 = Release|Any CPU
		{98AC1787-4913-4D87-9C73-701B15CA33E2}.Release|x86.ActiveCfg = Release|Any CPU
		{98AC1787-4913-4D87-9C73-701B15CA33E2}.Release|x86.Build.0 = Release|Any CPU
		{86A1D4F1-5055-4E88-90BC-B70356FCA283}.Debug|Any CPU.ActiveCfg = Debug|Any CPU
		{86A1D4F1-5055-4E88-90BC-B70356FCA283}.Debug|Any CPU.Build.0 = Debug|Any CPU
		{86A1D4F1-5055-4E88-90BC-B70356FCA283}.Debug|x64.ActiveCfg = Debug|Any CPU
		{86A1D4F1-5055-4E88-90BC-B70356FCA283}.Debug|x64.Build.0 = Debug|Any CPU
		{86A1D4F1-5055-4E88-90BC-B70356FCA283}.Debug|x86.ActiveCfg = Debug|Any CPU
		{86A1D4F1-5055-4E88-90BC-B70356FCA283}.Debug|x86.Build.0 = Debug|Any CPU
		{86A1D4F1-5055-4E88-90BC-B70356FCA283}.Release|Any CPU.ActiveCfg = Release|Any CPU
		{86A1D4F1-5055-4E88-90BC-B70356FCA283}.Release|Any CPU.Build.0 = Release|Any CPU
		{86A1D4F1-5055-4E88-90BC-B70356FCA283}.Release|x64.ActiveCfg = Release|Any CPU
		{86A1D4F1-5055-4E88-90BC-B70356FCA283}.Release|x64.Build.0 = Release|Any CPU
		{86A1D4F1-5055-4E88-90BC-B70356FCA283}.Release|x86.ActiveCfg = Release|Any CPU
		{86A1D4F1-5055-4E88-90BC-B70356FCA283}.Release|x86.Build.0 = Release|Any CPU
	EndGlobalSection
	GlobalSection(SolutionProperties) = preSolution
		HideSolutionNode = FALSE
	EndGlobalSection
	GlobalSection(NestedProjects) = preSolution
		{D7859E5C-A910-465C-863B-C339063A72C8} = {769B9289-B2AF-0079-2183-40A0D5B6CA35}
		{6A8DB619-5BA6-4320-BE01-A32B6F7612A1} = {D585295F-7994-3649-1065-7AA403C41681}
		{A85F5B41-2B95-4332-93F9-F97C867A7DD8} = {D585295F-7994-3649-1065-7AA403C41681}
		{98AC1787-4913-4D87-9C73-701B15CA33E2} = {D585295F-7994-3649-1065-7AA403C41681}
		{86A1D4F1-5055-4E88-90BC-B70356FCA283} = {2615381B-60DA-CD50-FD53-434E730EA4F4}
	EndGlobalSection
EndGlobal
